
Microsoft Visual Studio Solution File, Format Version 12.00
# Visual Studio Version 16
VisualStudioVersion = 16.0.34601.136
MinimumVisualStudioVersion = 10.0.40219.1
Project("{8BC9CEB8-8B4A-11D0-8D11-00A0C91BC942}") = "Lab_work_17_18.10.2024", "Lab_work_17_18.10.2024.vcxproj", "{65130668-C606-4F2B-903C-842BFA85E6B3}"
EndProject
Global
	GlobalSection(SolutionConfigurationPlatforms) = preSolution
		Debug|x64 = Debug|x64
		Debug|x86 = Debug|x86
		Release|x64 = Release|x64
		Release|x86 = Release|x86
	EndGlobalSection
	GlobalSection(ProjectConfigurationPlatforms) = postSolution
		{65130668-C606-4F2B-903C-842BFA85E6B3}.Debug|x64.ActiveCfg = Debug|x64
		{65130668-C606-4F2B-903C-842BFA85E6B3}.Debug|x64.Build.0 = Debug|x64
		{65130668-C606-4F2B-903C-842BFA85E6B3}.Debug|x86.ActiveCfg = Debug|Win32
		{65130668-C606-4F2B-903C-842BFA85E6B3}.Debug|x86.Build.0 = Debug|Win32
		{65130668-C606-4F2B-903C-842BFA85E6B3}.Release|x64.ActiveCfg = Release|x64
		{65130668-C606-4F2B-903C-842BFA85E6B3}.Release|x64.Build.0 = Release|x64
		{65130668-C606-4F2B-903C-842BFA85E6B3}.Release|x86.ActiveCfg = Release|Win32
		{65130668-C606-4F2B-903C-842BFA85E6B3}.Release|x86.Build.0 = Release|Win32
	EndGlobalSection
	GlobalSection(SolutionProperties) = preSolution
		HideSolutionNode = FALSE
	EndGlobalSection
	GlobalSection(ExtensibilityGlobals) = postSolution
		SolutionGuid = {C695D66F-D732-45B3-AE96-87526CC39676}
	EndGlobalSection
EndGlobal
